{
  "name": "@red-cup-engineering/capability-cell-fabrication-run-monitor-service",
  "version": "0.1.0",
  "lockfileVersion": 3,
  "requires": true,
  "packages": {
    "": {
      "name": "@red-cup-engineering/capability-cell-fabrication-run-monitor-service",
      "version": "0.1.0",
      "dependencies": {
        "@emsenn/rmn-semantic-conformance": "file:../../../../../lenticule-science/services/obsmetrological-services-section/services/rmn-semantic-conformance"
      },
      "bin": {
        "observe-capability-cell-fabrication-run": "bin/observe.mjs"
      },
      "engines": {
        "node": ">=22"
      }
    },
    "../../../../../lenticule-science/services/obsmetrological-services-section/services/rmn-semantic-conformance": {
      "name": "@emsenn/rmn-semantic-conformance",
      "version": "6.0.0",
      "dependencies": {
        "@a2a-js/sdk": "1.0.0-beta.0",
        "@emsenn/a2a-agent-card-key-service": "file:../../../../../red-cup-engineering/services/web-services-section/services/a2a-services-section/services/a2a-agent-card-key-service",
        "@emsenn/a2a-contracted-agent-service": "file:../../../../../red-cup-engineering/services/web-services-section/services/a2a-services-section/services/a2a-contracted-agent-service",
        "@emsenn/a2a-rmn-part-service": "file:../../../../../red-cup-engineering/services/web-services-section/services/a2a-services-section/services/a2a-rmn-part-service",
        "@emsenn/a2a-rmn-task-client-service": "file:../../../../../red-cup-engineering/services/web-services-section/services/a2a-services-section/services/a2a-rmn-task-client-service",
        "@emsenn/rmn-semantic-conformance-die": "https://github.com/emsenn/rmn-semantic-conformance-die/releases/download/v6.0.0/emsenn-rmn-semantic-conformance-die-6.0.0.tgz"
      },
      "bin": {
        "serve-rmn-a2a": "bin/server.mjs"
      },
      "engines": {
        "node": ">=20"
      }
    },
    "node_modules/@emsenn/rmn-semantic-conformance": {
      "resolved": "../../../../../lenticule-science/services/obsmetrological-services-section/services/rmn-semantic-conformance",
      "link": true
    }
  }
}
